// !$*UTF8*$!
{
	archiveVersion = 1;
	classes = {
	};
	objectVersion = 50;
	objects = {

/* Begin PBXBuildFile section */
		F3B631FB230994FF00157C2A /* AppDelegate.m in Sources */ = {isa = PBXBuildFile; fileRef = F3B631FA230994FF00157C2A /* AppDelegate.m */; };
		F3B631FE230994FF00157C2A /* ViewController.m in Sources */ = {isa = PBXBuildFile; fileRef = F3B631FD230994FF00157C2A /* ViewController.m */; };
		F3B63201230994FF00157C2A /* Main.storyboard in Resources */ = {isa = PBXBuildFile; fileRef = F3B631FF230994FF00157C2A /* Main.storyboard */; };
		F3B632032309950000157C2A /* Assets.xcassets in Resources */ = {isa = PBXBuildFile; fileRef = F3B632022309950000157C2A /* Assets.xcassets */; };
		F3B632062309950000157C2A /* LaunchScreen.storyboard in Resources */ = {isa = PBXBuildFile; fileRef = F3B632042309950000157C2A /* LaunchScreen.storyboard */; };
		F3B632092309950000157C2A /* main.m in Sources */ = {isa = PBXBuildFile; fileRef = F3B632082309950000157C2A /* main.m */; };
		F3B6322A2309956000157C2A /* dictionary.cc in Sources */ = {isa = PBXBuildFile; fileRef = F3B632102309956000157C2A /* dictionary.cc */; };
		F3B6322C2309956000157C2A /* fasttext.cc in Sources */ = {isa = PBXBuildFile; fileRef = F3B632142309956000157C2A /* fasttext.cc */; };
		F3B6322D2309956000157C2A /* utils.cc in Sources */ = {isa = PBXBuildFile; fileRef = F3B632152309956000157C2A /* utils.cc */; };
		F3B6322E2309956000157C2A /* model.cc in Sources */ = {isa = PBXBuildFile; fileRef = F3B632162309956000157C2A /* model.cc */; };
		F3B6322F2309956000157C2A /* loss.cc in Sources */ = {isa = PBXBuildFile; fileRef = F3B632172309956000157C2A /* loss.cc */; };
		F3B632302309956000157C2A /* productquantizer.cc in Sources */ = {isa = PBXBuildFile; fileRef = F3B632182309956000157C2A /* productquantizer.cc */; };
		F3B632312309956000157C2A /* args.cc in Sources */ = {isa = PBXBuildFile; fileRef = F3B6321A2309956000157C2A /* args.cc */; };
		F3B632322309956000157C2A /* quantmatrix.cc in Sources */ = {isa = PBXBuildFile; fileRef = F3B632212309956000157C2A /* quantmatrix.cc */; };
		F3B632332309956000157C2A /* matrix.cc in Sources */ = {isa = PBXBuildFile; fileRef = F3B632232309956000157C2A /* matrix.cc */; };
		F3B632342309956000157C2A /* meter.cc in Sources */ = {isa = PBXBuildFile; fileRef = F3B632262309956000157C2A /* meter.cc */; };
		F3B632352309956000157C2A /* vector.cc in Sources */ = {isa = PBXBuildFile; fileRef = F3B632272309956000157C2A /* vector.cc */; };
		F3B632362309956000157C2A /* densematrix.cc in Sources */ = {isa = PBXBuildFile; fileRef = F3B632292309956000157C2A /* densematrix.cc */; };
/* End PBXBuildFile section */

/* Begin PBXFileReference section */
		F3B631F6230994FF00157C2A /* fastTextDemo.app */ = {isa = PBXFileReference; explicitFileType = wrapper.application; includeInIndex = 0; path = fastTextDemo.app; sourceTree = BUILT_PRODUCTS_DIR; };
		F3B631F9230994FF00157C2A /* AppDelegate.h */ = {isa = PBXFileReference; lastKnownFileType = sourcecode.c.h; path = AppDelegate.h; sourceTree = "<group>"; };
		F3B631FA230994FF00157C2A /* AppDelegate.m */ = {isa = PBXFileReference; lastKnownFileType = sourcecode.c.objc; path = AppDelegate.m; sourceTree = "<group>"; };
		F3B631FC230994FF00157C2A /* ViewController.h */ = {isa = PBXFileReference; lastKnownFileType = sourcecode.c.h; path = ViewController.h; sourceTree = "<group>"; };
		F3B631FD230994FF00157C2A /* ViewController.m */ = {isa = PBXFileReference; lastKnownFileType = sourcecode.c.objc; path = ViewController.m; sourceTree = "<group>"; };
		F3B63200230994FF00157C2A /* Base */ = {isa = PBXFileReference; lastKnownFileType = file.storyboard; name = Base; path = Base.lproj/Main.storyboard; sourceTree = "<group>"; };
		F3B632022309950000157C2A /* Assets.xcassets */ = {isa = PBXFileReference; lastKnownFileType = folder.assetcatalog; path = Assets.xcassets; sourceTree = "<group>"; };
		F3B632052309950000157C2A /* Base */ = {isa = PBXFileReference; lastKnownFileType = file.storyboard; name = Base; path = Base.lproj/LaunchScreen.storyboard; sourceTree = "<group>"; };
		F3B632072309950000157C2A /* Info.plist */ = {isa = PBXFileReference; lastKnownFileType = text.plist.xml; path = Info.plist; sourceTree = "<group>"; };
		F3B632082309950000157C2A /* main.m */ = {isa = PBXFileReference; lastKnownFileType = sourcecode.c.objc; path = main.m; sourceTree = "<group>"; };
		F3B632102309956000157C2A /* dictionary.cc */ = {isa = PBXFileReference; fileEncoding = 4; lastKnownFileType = sourcecode.cpp.cpp; path = dictionary.cc; sourceTree = "<group>"; };
		F3B632112309956000157C2A /* main.cc */ = {isa = PBXFileReference; fileEncoding = 4; lastKnownFileType = sourcecode.cpp.cpp; path = main.cc; sourceTree = "<group>"; };
		F3B632122309956000157C2A /* utils.h */ = {isa = PBXFileReference; fileEncoding = 4; lastKnownFileType = sourcecode.c.h; path = utils.h; sourceTree = "<group>"; };
		F3B632132309956000157C2A /* quantmatrix.h */ = {isa = PBXFileReference; fileEncoding = 4; lastKnownFileType = sourcecode.c.h; path = quantmatrix.h; sourceTree = "<group>"; };
		F3B632142309956000157C2A /* fasttext.cc */ = {isa = PBXFileReference; fileEncoding = 4; lastKnownFileType = sourcecode.cpp.cpp; path = fasttext.cc; sourceTree = "<group>"; };
		F3B632152309956000157C2A /* utils.cc */ = {isa = PBXFileReference; fileEncoding = 4; lastKnownFileType = sourcecode.cpp.cpp; path = utils.cc; sourceTree = "<group>"; };
		F3B632162309956000157C2A /* model.cc */ = {isa = PBXFileReference; fileEncoding = 4; lastKnownFileType = sourcecode.cpp.cpp; path = model.cc; sourceTree = "<group>"; };
		F3B632172309956000157C2A /* loss.cc */ = {isa = PBXFileReference; fileEncoding = 4; lastKnownFileType = sourcecode.cpp.cpp; path = loss.cc; sourceTree = "<group>"; };
		F3B632182309956000157C2A /* productquantizer.cc */ = {isa = PBXFileReference; fileEncoding = 4; lastKnownFileType = sourcecode.cpp.cpp; path = productquantizer.cc; sourceTree = "<group>"; };
		F3B632192309956000157C2A /* densematrix.h */ = {isa = PBXFileReference; fileEncoding = 4; lastKnownFileType = sourcecode.c.h; path = densematrix.h; sourceTree = "<group>"; };
		F3B6321A2309956000157C2A /* args.cc */ = {isa = PBXFileReference; fileEncoding = 4; lastKnownFileType = sourcecode.cpp.cpp; path = args.cc; sourceTree = "<group>"; };
		F3B6321B2309956000157C2A /* matrix.h */ = {isa = PBXFileReference; fileEncoding = 4; lastKnownFileType = sourcecode.c.h; path = matrix.h; sourceTree = "<group>"; };
		F3B6321C2309956000157C2A /* productquantizer.h */ = {isa = PBXFileReference; fileEncoding = 4; lastKnownFileType = sourcecode.c.h; path = productquantizer.h; sourceTree = "<group>"; };
		F3B6321D2309956000157C2A /* meter.h */ = {isa = PBXFileReference; fileEncoding = 4; lastKnownFileType = sourcecode.c.h; path = meter.h; sourceTree = "<group>"; };
		F3B6321E2309956000157C2A /* real.h */ = {isa = PBXFileReference; fileEncoding = 4; lastKnownFileType = sourcecode.c.h; path = real.h; sourceTree = "<group>"; };
		F3B6321F2309956000157C2A /* args.h */ = {isa = PBXFileReference; fileEncoding = 4; lastKnownFileType = sourcecode.c.h; path = args.h; sourceTree = "<group>"; };
		F3B632202309956000157C2A /* dictionary.h */ = {isa = PBXFileReference; fileEncoding = 4; lastKnownFileType = sourcecode.c.h; path = dictionary.h; sourceTree = "<group>"; };
		F3B632212309956000157C2A /* quantmatrix.cc */ = {isa = PBXFileReference; fileEncoding = 4; lastKnownFileType = sourcecode.cpp.cpp; path = quantmatrix.cc; sourceTree = "<group>"; };
		F3B632222309956000157C2A /* model.h */ = {isa = PBXFileReference; fileEncoding = 4; lastKnownFileType = sourcecode.c.h; path = model.h; sourceTree = "<group>"; };
		F3B632232309956000157C2A /* matrix.cc */ = {isa = PBXFileReference; fileEncoding = 4; lastKnownFileType = sourcecode.cpp.cpp; path = matrix.cc; sourceTree = "<group>"; };
		F3B632242309956000157C2A /* vector.h */ = {isa = PBXFileReference; fileEncoding = 4; lastKnownFileType = sourcecode.c.h; path = vector.h; sourceTree = "<group>"; };
		F3B632252309956000157C2A /* fasttext.h */ = {isa = PBXFileReference; fileEncoding = 4; lastKnownFileType = sourcecode.c.h; path = fasttext.h; sourceTree = "<group>"; };
		F3B632262309956000157C2A /* meter.cc */ = {isa = PBXFileReference; fileEncoding = 4; lastKnownFileType = sourcecode.cpp.cpp; path = meter.cc; sourceTree = "<group>"; };
		F3B632272309956000157C2A /* vector.cc */ = {isa = PBXFileReference; fileEncoding = 4; lastKnownFileType = sourcecode.cpp.cpp; path = vector.cc; sourceTree = "<group>"; };
		F3B632282309956000157C2A /* loss.h */ = {isa = PBXFileReference; fileEncoding = 4; lastKnownFileType = sourcecode.c.h; path = loss.h; sourceTree = "<group>"; };
		F3B632292309956000157C2A /* densematrix.cc */ = {isa = PBXFileReference; fileEncoding = 4; lastKnownFileType = sourcecode.cpp.cpp; path = densematrix.cc; sourceTree = "<group>"; };
/* End PBXFileReference section */

/* Begin PBXFrameworksBuildPhase section */
		F3B631F3230994FF00157C2A /* Frameworks */ = {
			isa = PBXFrameworksBuildPhase;
			buildActionMask = 2147483647;
			files = (
			);
			runOnlyForDeploymentPostprocessing = 0;
		};
/* End PBXFrameworksBuildPhase section */

/* Begin PBXGroup section */
		F3B631ED230994FF00157C2A = {
			isa = PBXGroup;
			children = (
				F3B631F8230994FF00157C2A /* fastTextDemo */,
				F3B631F7230994FF00157C2A /* Products */,
			);
			sourceTree = "<group>";
		};
		F3B631F7230994FF00157C2A /* Products */ = {
			isa = PBXGroup;
			children = (
				F3B631F6230994FF00157C2A /* fastTextDemo.app */,
			);
			name = Products;
			sourceTree = "<group>";
		};
		F3B631F8230994FF00157C2A /* fastTextDemo */ = {
			isa = PBXGroup;
			children = (
				F3B6320F2309956000157C2A /* fastText */,
				F3B631F9230994FF00157C2A /* AppDelegate.h */,
				F3B631FA230994FF00157C2A /* AppDelegate.m */,
				F3B631FC230994FF00157C2A /* ViewController.h */,
				F3B631FD230994FF00157C2A /* ViewController.m */,
				F3B631FF230994FF00157C2A /* Main.storyboard */,
				F3B632022309950000157C2A /* Assets.xcassets */,
				F3B632042309950000157C2A /* LaunchScreen.storyboard */,
				F3B632072309950000157C2A /* Info.plist */,
				F3B632082309950000157C2A /* main.m */,
			);
			path = fastTextDemo;
			sourceTree = "<group>";
		};
		F3B6320F2309956000157C2A /* fastText */ = {
			isa = PBXGroup;
			children = (
				F3B632102309956000157C2A /* dictionary.cc */,
				F3B632112309956000157C2A /* main.cc */,
				F3B632122309956000157C2A /* utils.h */,
				F3B632132309956000157C2A /* quantmatrix.h */,
				F3B632142309956000157C2A /* fasttext.cc */,
				F3B632152309956000157C2A /* utils.cc */,
				F3B632162309956000157C2A /* model.cc */,
				F3B632172309956000157C2A /* loss.cc */,
				F3B632182309956000157C2A /* productquantizer.cc */,
				F3B632192309956000157C2A /* densematrix.h */,
				F3B6321A2309956000157C2A /* args.cc */,
				F3B6321B2309956000157C2A /* matrix.h */,
				F3B6321C2309956000157C2A /* productquantizer.h */,
				F3B6321D2309956000157C2A /* meter.h */,
				F3B6321E2309956000157C2A /* real.h */,
				F3B6321F2309956000157C2A /* args.h */,
				F3B632202309956000157C2A /* dictionary.h */,
				F3B632212309956000157C2A /* quantmatrix.cc */,
				F3B632222309956000157C2A /* model.h */,
				F3B632232309956000157C2A /* matrix.cc */,
				F3B632242309956000157C2A /* vector.h */,
				F3B632252309956000157C2A /* fasttext.h */,
				F3B632262309956000157C2A /* meter.cc */,
				F3B632272309956000157C2A /* vector.cc */,
				F3B632282309956000157C2A /* loss.h */,
				F3B632292309956000157C2A /* densematrix.cc */,
			);
			path = fastText;
			sourceTree = "<group>";
		};
/* End PBXGroup section */

/* Begin PBXNativeTarget section */
		F3B631F5230994FF00157C2A /* fastTextDemo */ = {
			isa = PBXNativeTarget;
			buildConfigurationList = F3B6320C2309950000157C2A /* Build configuration list for PBXNativeTarget "fastTextDemo" */;
			buildPhases = (
				F3B631F2230994FF00157C2A /* Sources */,
				F3B631F3230994FF00157C2A /* Frameworks */,
				F3B631F4230994FF00157C2A /* Resources */,
			);
			buildRules = (
			);
			dependencies = (
			);
			name = fastTextDemo;
			productName = fastTextDemo;
			productReference = F3B631F6230994FF00157C2A /* fastTextDemo.app */;
			productType = "com.apple.product-type.application";
		};
/* End PBXNativeTarget section */

/* Begin PBXProject section */
		F3B631EE230994FF00157C2A /* Project object */ = {
			isa = PBXProject;
			attributes = {
				LastUpgradeCheck = 1000;
				ORGANIZATIONNAME = thames;
				TargetAttributes = {
					F3B631F5230994FF00157C2A = {
						CreatedOnToolsVersion = 10.0;
					};
				};
			};
			buildConfigurationList = F3B631F1230994FF00157C2A /* Build configuration list for PBXProject "fastTextDemo" */;
			compatibilityVersion = "Xcode 9.3";
			developmentRegion = en;
			hasScannedForEncodings = 0;
			knownRegions = (
				en,
				Base,
			);
			mainGroup = F3B631ED230994FF00157C2A;
			productRefGroup = F3B631F7230994FF00157C2A /* Products */;
			projectDirPath = "";
			projectRoot = "";
			targets = (
				F3B631F5230994FF00157C2A /* fastTextDemo */,
			);
		};
/* End PBXProject section */

/* Begin PBXResourcesBuildPhase section */
		F3B631F4230994FF00157C2A /* Resources */ = {
			isa = PBXResourcesBuildPhase;
			buildActionMask = 2147483647;
			files = (
				F3B632062309950000157C2A /* LaunchScreen.storyboard in Resources */,
				F3B632032309950000157C2A /* Assets.xcassets in Resources */,
				F3B63201230994FF00157C2A /* Main.storyboard in Resources */,
			);
			runOnlyForDeploymentPostprocessing = 0;
		};
/* End PBXResourcesBuildPhase section */

/* Begin PBXSourcesBuildPhase section */
		F3B631F2230994FF00157C2A /* Sources */ = {
			isa = PBXSourcesBuildPhase;
			buildActionMask = 2147483647;
			files = (
				F3B632332309956000157C2A /* matrix.cc in Sources */,
				F3B632322309956000157C2A /* quantmatrix.cc in Sources */,
				F3B632312309956000157C2A /* args.cc in Sources */,
				F3B6322C2309956000157C2A /* fasttext.cc in Sources */,
				F3B631FE230994FF00157C2A /* ViewController.m in Sources */,
				F3B632092309950000157C2A /* main.m in Sources */,
				F3B632362309956000157C2A /* densematrix.cc in Sources */,
				F3B6322F2309956000157C2A /* loss.cc in Sources */,
				F3B631FB230994FF00157C2A /* AppDelegate.m in Sources */,
				F3B6322A2309956000157C2A /* dictionary.cc in Sources */,
				F3B632342309956000157C2A /* meter.cc in Sources */,
				F3B632352309956000157C2A /* vector.cc in Sources */,
				F3B6322E2309956000157C2A /* model.cc in Sources */,
				F3B632302309956000157C2A /* productquantizer.cc in Sources */,
				F3B6322D2309956000157C2A /* utils.cc in Sources */,
			);
			runOnlyForDeploymentPostprocessing = 0;
		};
/* End PBXSourcesBuildPhase section */

/* Begin PBXVariantGroup section */
		F3B631FF230994FF00157C2A /* Main.storyboard */ = {
			isa = PBXVariantGroup;
			children = (
				F3B63200230994FF00157C2A /* Base */,
			);
			name = Main.storyboard;
			sourceTree = "<group>";
		};
		F3B632042309950000157C2A /* LaunchScreen.storyboard */ = {
			isa = PBXVariantGroup;
			children = (
				F3B632052309950000157C2A /* Base */,
			);
			name = LaunchScreen.storyboard;
			sourceTree = "<group>";
		};
/* End PBXVariantGroup section */

/* Begin XCBuildConfiguration section */
		F3B6320A2309950000157C2A /* Debug */ = {
			isa = XCBuildConfiguration;
			buildSettings = {
				ALWAYS_SEARCH_USER_PATHS = NO;
				CLANG_ANALYZER_NONNULL = YES;
				CLANG_ANALYZER_NUMBER_OBJECT_CONVERSION = YES_AGGRESSIVE;
				CLANG_CXX_LANGUAGE_STANDARD = "gnu++14";
				CLANG_CXX_LIBRARY = "libc++";
				CLANG_ENABLE_MODULES = YES;
				CLANG_ENABLE_OBJC_ARC = YES;
				CLANG_ENABLE_OBJC_WEAK = YES;
				CLANG_WARN_BLOCK_CAPTURE_AUTORELEASING = YES;
				CLANG_WARN_BOOL_CONVERSION = YES;
				CLANG_WARN_COMMA = YES;
				CLANG_WARN_CONSTANT_CONVERSION = YES;
				CLANG_WARN_DEPRECATED_OBJC_IMPLEMENTATIONS = YES;
				CLANG_WARN_DIRECT_OBJC_ISA_USAGE = YES_ERROR;
				CLANG_WARN_DOCUMENTATION_COMMENTS = YES;
				CLANG_WARN_EMPTY_BODY = YES;
				CLANG_WARN_ENUM_CONVERSION = YES;
				CLANG_WARN_INFINITE_RECURSION = YES;
				CLANG_WARN_INT_CONVERSION = YES;
				CLANG_WARN_NON_LITERAL_NULL_CONVERSION = YES;
				CLANG_WARN_OBJC_IMPLICIT_RETAIN_SELF = YES;
				CLANG_WARN_OBJC_LITERAL_CONVERSION = YES;
				CLANG_WARN_OBJC_ROOT_CLASS = YES_ERROR;
				CLANG_WARN_RANGE_LOOP_ANALYSIS = YES;
				CLANG_WARN_STRICT_PROTOTYPES = YES;
				CLANG_WARN_SUSPICIOUS_MOVE = YES;
				CLANG_WARN_UNGUARDED_AVAILABILITY = YES_AGGRESSIVE;
				CLANG_WARN_UNREACHABLE_CODE = YES;
				CLANG_WARN__DUPLICATE_METHOD_MATCH = YES;
				CODE_SIGN_IDENTITY = "iPhone Developer";
				COPY_PHASE_STRIP = NO;
				DEBUG_INFORMATION_FORMAT = dwarf;
				ENABLE_STRICT_OBJC_MSGSEND = YES;
				ENABLE_TESTABILITY = YES;
				GCC_C_LANGUAGE_STANDARD = gnu11;
				GCC_DYNAMIC_NO_PIC = NO;
				GCC_NO_COMMON_BLOCKS = YES;
				GCC_OPTIMIZATION_LEVEL = 0;
				GCC_PREPROCESSOR_DEFINITIONS = (
					"DEBUG=1",
					"$(inherited)",
				);
				GCC_WARN_64_TO_32_BIT_CONVERSION = YES;
				GCC_WARN_ABOUT_RETURN_TYPE = YES_ERROR;
				GCC_WARN_UNDECLARED_SELECTOR = YES;
				GCC_WARN_UNINITIALIZED_AUTOS = YES_AGGRESSIVE;
				GCC_WARN_UNUSED_FUNCTION = YES;
				GCC_WARN_UNUSED_VARIABLE = YES;
				IPHONEOS_DEPLOYMENT_TARGET = 12.0;
				MTL_ENABLE_DEBUG_INFO = INCLUDE_SOURCE;
				MTL_FAST_MATH = YES;
				ONLY_ACTIVE_ARCH = YES;
				SDKROOT = iphoneos;
			};
			name = Debug;
		};
		F3B6320B2309950000157C2A /* Release */ = {
			isa = XCBuildConfiguration;
			buildSettings = {
				ALWAYS_SEARCH_USER_PATHS = NO;
				CLANG_ANALYZER_NONNULL = YES;
				CLANG_ANALYZER_NUMBER_OBJECT_CONVERSION = YES_AGGRESSIVE;
				CLANG_CXX_LANGUAGE_STANDARD = "gnu++14";
				CLANG_CXX_LIBRARY = "libc++";
				CLANG_ENABLE_MODULES = YES;
				CLANG_ENABLE_OBJC_ARC = YES;
				CLANG_ENABLE_OBJC_WEAK = YES;
				CLANG_WARN_BLOCK_CAPTURE_AUTORELEASING = YES;
				CLANG_WARN_BOOL_CONVERSION = YES;
				CLANG_WARN_COMMA = YES;
				CLANG_WARN_CONSTANT_CONVERSION = YES;
				CLANG_WARN_DEPRECATED_OBJC_IMPLEMENTATIONS = YES;
				CLANG_WARN_DIRECT_OBJC_ISA_USAGE = YES_ERROR;
				CLANG_WARN_DOCUMENTATION_COMMENTS = YES;
				CLANG_WARN_EMPTY_BODY = YES;
				CLANG_WARN_ENUM_CONVERSION = YES;
				CLANG_WARN_INFINITE_RECURSION = YES;
				CLANG_WARN_INT_CONVERSION = YES;
				CLANG_WARN_NON_LITERAL_NULL_CONVERSION = YES;
				CLANG_WARN_OBJC_IMPLICIT_RETAIN_SELF = YES;
				CLANG_WARN_OBJC_LITERAL_CONVERSION = YES;
				CLANG_WARN_OBJC_ROOT_CLASS = YES_ERROR;
				CLANG_WARN_RANGE_LOOP_ANALYSIS = YES;
				CLANG_WARN_STRICT_PROTOTYPES = YES;
				CLANG_WARN_SUSPICIOUS_MOVE = YES;
				CLANG_WARN_UNGUARDED_AVAILABILITY = YES_AGGRESSIVE;
				CLANG_WARN_UNREACHABLE_CODE = YES;
				CLANG_WARN__DUPLICATE_METHOD_MATCH = YES;
				CODE_SIGN_IDENTITY = "iPhone Developer";
				COPY_PHASE_STRIP = NO;
				DEBUG_INFORMATION_FORMAT = "dwarf-with-dsym";
				ENABLE_NS_ASSERTIONS = NO;
				ENABLE_STRICT_OBJC_MSGSEND = YES;
				GCC_C_LANGUAGE_STANDARD = gnu11;
				GCC_NO_COMMON_BLOCKS = YES;
				GCC_WARN_64_TO_32_BIT_CONVERSION = YES;
				GCC_WARN_ABOUT_RETURN_TYPE = YES_ERROR;
				GCC_WARN_UNDECLARED_SELECTOR = YES;
				GCC_WARN_UNINITIALIZED_AUTOS = YES_AGGRESSIVE;
				GCC_WARN_UNUSED_FUNCTION = YES;
				GCC_WARN_UNUSED_VARIABLE = YES;
				IPHONEOS_DEPLOYMENT_TARGET = 12.0;
				MTL_ENABLE_DEBUG_INFO = NO;
				MTL_FAST_MATH = YES;
				SDKROOT = iphoneos;
				VALIDATE_PRODUCT = YES;
			};
			name = Release;
		};
		F3B6320D2309950000157C2A /* Debug */ = {
			isa = XCBuildConfiguration;
			buildSettings = {
				ASSETCATALOG_COMPILER_APPICON_NAME = AppIcon;
				CODE_SIGN_STYLE = Automatic;
				INFOPLIST_FILE = fastTextDemo/Info.plist;
				LD_RUNPATH_SEARCH_PATHS = (
					"$(inherited)",
					"@executable_path/Frameworks",
				);
				PRODUCT_BUNDLE_IDENTIFIER = com.thames.fastTextDemo;
				PRODUCT_NAME = "$(TARGET_NAME)";
				TARGETED_DEVICE_FAMILY = "1,2";
			};
			name = Debug;
		};
		F3B6320E2309950000157C2A /* Release */ = {
			isa = XCBuildConfiguration;
			buildSettings = {
				ASSETCATALOG_COMPILER_APPICON_NAME = AppIcon;
				CODE_SIGN_STYLE = Automatic;
				INFOPLIST_FILE = fastTextDemo/Info.plist;
				LD_RUNPATH_SEARCH_PATHS = (
					"$(inherited)",
					"@executable_path/Frameworks",
				);
				PRODUCT_BUNDLE_IDENTIFIER = com.thames.fastTextDemo;
				PRODUCT_NAME = "$(TARGET_NAME)";
				TARGETED_DEVICE_FAMILY = "1,2";
			};
			name = Release;
		};
/* End XCBuildConfiguration section */

/* Begin XCConfigurationList section */
		F3B631F1230994FF00157C2A /* Build configuration list for PBXProject "fastTextDemo" */ = {
			isa = XCConfigurationList;
			buildConfigurations = (
				F3B6320A2309950000157C2A /* Debug */,
				F3B6320B2309950000157C2A /* Release */,
			);
			defaultConfigurationIsVisible = 0;
			defaultConfigurationName = Release;
		};
		F3B6320C2309950000157C2A /* Build configuration list for PBXNativeTarget "fastTextDemo" */ = {
			isa = XCConfigurationList;
			buildConfigurations = (
				F3B6320D2309950000157C2A /* Debug */,
				F3B6320E2309950000157C2A /* Release */,
			);
			defaultConfigurationIsVisible = 0;
			defaultConfigurationName = Release;
		};
/* End XCConfigurationList section */
	};
	rootObject = F3B631EE230994FF00157C2A /* Project object */;
}
